
Microsoft Visual Studio Solution File, Format Version 12.00
# Visual Studio 15
Project("{FAE04EC0-301F-11D3-BF4B-00C04F79EFBC}") = "Assembly-CSharp", "Assembly-CSharp.csproj", "{2E4693FC-A6D7-36AB-38C6-B4C88EB1D285}"
EndProject
Project("{FAE04EC0-301F-11D3-BF4B-00C04F79EFBC}") = "Assembly-CSharp-Editor", "Assembly-CSharp-Editor.csproj", "{CF655816-8886-83D5-FEF0-B0C53F13EF06}"
EndProject
Global
	GlobalSection(SolutionConfigurationPlatforms) = preSolution
		Debug|Any CPU = Debug|Any CPU
		Release|Any CPU = Release|Any CPU
	EndGlobalSection
	GlobalSection(ProjectConfigurationPlatforms) = postSolution
		{2E4693FC-A6D7-36AB-38C6-B4C88EB1D285}.Debug|Any CPU.ActiveCfg = Debug|Any CPU
		{2E4693FC-A6D7-36AB-38C6-B4C88EB1D285}.Debug|Any CPU.Build.0 = Debug|Any CPU
		{2E4693FC-A6D7-36AB-38C6-B4C88EB1D285}.Release|Any CPU.ActiveCfg = Release|Any CPU
		{2E4693FC-A6D7-36AB-38C6-B4C88EB1D285}.Release|Any CPU.Build.0 = Release|Any CPU
		{CF655816-8886-83D5-FEF0-B0C53F13EF06}.Debug|Any CPU.ActiveCfg = Debug|Any CPU
		{CF655816-8886-83D5-FEF0-B0C53F13EF06}.Debug|Any CPU.Build.0 = Debug|Any CPU
		{CF655816-8886-83D5-FEF0-B0C53F13EF06}.Release|Any CPU.ActiveCfg = Release|Any CPU
		{CF655816-8886-83D5-FEF0-B0C53F13EF06}.Release|Any CPU.Build.0 = Release|Any CPU
	EndGlobalSection
	GlobalSection(SolutionProperties) = preSolution
		HideSolutionNode = FALSE
	EndGlobalSection
EndGlobal
